
Microsoft Visual Studio Solution File, Format Version 12.00
Project("{FAE04EC0-301F-11D3-BF4B-00C04F79EFBC}") = "MyPortfolio", "MyPortfolio\MyPortfolio.csproj", "{47424B97-EF28-4F72-9789-A2AE9CA58D9B}"
EndProject
Global
	GlobalSection(SolutionConfigurationPlatforms) = preSolution
		Debug|Any CPU = Debug|Any CPU
		Release|Any CPU = Release|Any CPU
	EndGlobalSection
	GlobalSection(ProjectConfigurationPlatforms) = postSolution
		{47424B97-EF28-4F72-9789-A2AE9CA58D9B}.Debug|Any CPU.ActiveCfg = Debug|Any CPU
		{47424B97-EF28-4F72-9789-A2AE9CA58D9B}.Debug|Any CPU.Build.0 = Debug|Any CPU
		{47424B97-EF28-4F72-9789-A2AE9CA58D9B}.Release|Any CPU.ActiveCfg = Release|Any CPU
		{47424B97-EF28-4F72-9789-A2AE9CA58D9B}.Release|Any CPU.Build.0 = Release|Any CPU
	EndGlobalSection
EndGlobal
